
Microsoft Visual Studio Solution File, Format Version 12.00
# Visual Studio Version 17
VisualStudioVersion = 17.14.37411.7 d17.14
MinimumVisualStudioVersion = 10.0.40219.1
Project("{FAE04EC0-301F-11D3-BF4B-00C04F79EFBC}") = "ECommerce.Domain", "ECommerce.Domain\ECommerce.Domain.csproj", "{3146EB53-C5DB-4397-9520-65AA253483DC}"
EndProject
Project("{FAE04EC0-301F-11D3-BF4B-00C04F79EFBC}") = "ECommerce.Application", "ECommerce.Application\ECommerce.Application.csproj", "{67B891A0-79BE-4A7E-ADD2-CD6FCFEEC9EC}"
EndProject
Project("{FAE04EC0-301F-11D3-BF4B-00C04F79EFBC}") = "ECommerce.Infrastructure", "ECommerce.Infrastructure\ECommerce.Infrastructure.csproj", "{5D9F92CE-3F00-4F94-A0D0-FCF46A5D82D6}"
EndProject
Project("{FAE04EC0-301F-11D3-BF4B-00C04F79EFBC}") = "ECommerce.API", "ECommerce.API\ECommerce.API.csproj", "{F519F112-E0AC-4FDD-A7C4-8AB55C63B2CD}"
EndProject
Project("{FAE04EC0-301F-11D3-BF4B-00C04F79EFBC}") = "ModernECommerceEngine.AppHost", "ModernECommerceEngine.AppHost\ModernECommerceEngine.AppHost.csproj", "{EA773092-85A3-4C72-A4BF-3568B8E72A84}"
EndProject
Project("{FAE04EC0-301F-11D3-BF4B-00C04F79EFBC}") = "ModernECommerceEngine.ServiceDefaults", "ModernECommerceEngine.ServiceDefaults\ModernECommerceEngine.ServiceDefaults.csproj", "{C1FF5D15-3CEA-B73F-4A32-6390E57FED56}"
EndProject
Global
	GlobalSection(SolutionConfigurationPlatforms) = preSolution
		Debug|Any CPU = Debug|Any CPU
		Release|Any CPU = Release|Any CPU
	EndGlobalSection
	GlobalSection(ProjectConfigurationPlatforms) = postSolution
		{3146EB53-C5DB-4397-9520-65AA253483DC}.Debug|Any CPU.ActiveCfg = Debug|Any CPU
		{3146EB53-C5DB-4397-9520-65AA253483DC}.Debug|Any CPU.Build.0 = Debug|Any CPU
		{3146EB53-C5DB-4397-9520-65AA253483DC}.Release|Any CPU.ActiveCfg = Release|Any CPU
		{3146EB53-C5DB-4397-9520-65AA253483DC}.Release|Any CPU.Build.0 = Release|Any CPU
		{67B891A0-79BE-4A7E-ADD2-CD6FCFEEC9EC}.Debug|Any CPU.ActiveCfg = Debug|Any CPU
		{67B891A0-79BE-4A7E-ADD2-CD6FCFEEC9EC}.Debug|Any CPU.Build.0 = Debug|Any CPU
		{67B891A0-79BE-4A7E-ADD2-CD6FCFEEC9EC}.Release|Any CPU.ActiveCfg = Release|Any CPU
		{67B891A0-79BE-4A7E-ADD2-CD6FCFEEC9EC}.Release|Any CPU.Build.0 = Release|Any CPU
		{5D9F92CE-3F00-4F94-A0D0-FCF46A5D82D6}.Debug|Any CPU.ActiveCfg = Debug|Any CPU
		{5D9F92CE-3F00-4F94-A0D0-FCF46A5D82D6}.Debug|Any CPU.Build.0 = Debug|Any CPU
		{5D9F92CE-3F00-4F94-A0D0-FCF46A5D82D6}.Release|Any CPU.ActiveCfg = Release|Any CPU
		{5D9F92CE-3F00-4F94-A0D0-FCF46A5D82D6}.Release|Any CPU.Build.0 = Release|Any CPU
		{F519F112-E0AC-4FDD-A7C4-8AB55C63B2CD}.Debug|Any CPU.ActiveCfg = Debug|Any CPU
		{F519F112-E0AC-4FDD-A7C4-8AB55C63B2CD}.Debug|Any CPU.Build.0 = Debug|Any CPU
		{F519F112-E0AC-4FDD-A7C4-8AB55C63B2CD}.Release|Any CPU.ActiveCfg = Release|Any CPU
		{F519F112-E0AC-4FDD-A7C4-8AB55C63B2CD}.Release|Any CPU.Build.0 = Release|Any CPU
		{EA773092-85A3-4C72-A4BF-3568B8E72A84}.Debug|Any CPU.ActiveCfg = Debug|Any CPU
		{EA773092-85A3-4C72-A4BF-3568B8E72A84}.Debug|Any CPU.Build.0 = Debug|Any CPU
		{EA773092-85A3-4C72-A4BF-3568B8E72A84}.Release|Any CPU.ActiveCfg = Release|Any CPU
		{EA773092-85A3-4C72-A4BF-3568B8E72A84}.Release|Any CPU.Build.0 = Release|Any CPU
		{C1FF5D15-3CEA-B73F-4A32-6390E57FED56}.Debug|Any CPU.ActiveCfg = Debug|Any CPU
		{C1FF5D15-3CEA-B73F-4A32-6390E57FED56}.Debug|Any CPU.Build.0 = Debug|Any CPU
		{C1FF5D15-3CEA-B73F-4A32-6390E57FED56}.Release|Any CPU.ActiveCfg = Release|Any CPU
		{C1FF5D15-3CEA-B73F-4A32-6390E57FED56}.Release|Any CPU.Build.0 = Release|Any CPU
	EndGlobalSection
	GlobalSection(SolutionProperties) = preSolution
		HideSolutionNode = FALSE
	EndGlobalSection
	GlobalSection(ExtensibilityGlobals) = postSolution
		SolutionGuid = {A7C6E08A-6EB7-4661-9BA0-F2AD058E5C8E}
	EndGlobalSection
EndGlobal
